
Microsoft Visual Studio Solution File, Format Version 12.00
# Visual Studio Version 17
VisualStudioVersion = 17.10.35122.118
MinimumVisualStudioVersion = 10.0.40219.1
Project("{FAE04EC0-301F-11D3-BF4B-00C04F79EFBC}") = "RecipeOrganizer", "RecipeOrganizer.csproj", "{1C57D468-0D05-4E5C-B091-90CE237BEB03}"
EndProject
Global
	GlobalSection(SolutionConfigurationPlatforms) = preSolution
		Debug|Any CPU = Debug|Any CPU
		Release|Any CPU = Release|Any CPU
	EndGlobalSection
	GlobalSection(ProjectConfigurationPlatforms) = postSolution
		{1C57D468-0D05-4E5C-B091-90CE237BEB03}.Debug|Any CPU.ActiveCfg = Debug|Any CPU
		{1C57D468-0D05-4E5C-B091-90CE237BEB03}.Debug|Any CPU.Build.0 = Debug|Any CPU
		{1C57D468-0D05-4E5C-B091-90CE237BEB03}.Release|Any CPU.ActiveCfg = Release|Any CPU
		{1C57D468-0D05-4E5C-B091-90CE237BEB03}.Release|Any CPU.Build.0 = Release|Any CPU
	EndGlobalSection
	GlobalSection(SolutionProperties) = preSolution
		HideSolutionNode = FALSE
	EndGlobalSection
	GlobalSection(ExtensibilityGlobals) = postSolution
		SolutionGuid = {14351C50-ACE5-4EE1-9979-782AD3740B13}
	EndGlobalSection
EndGlobal
